# THIS IS AN AUTOGENERATED FILE. DO NOT EDIT THIS FILE DIRECTLY.
# yarn lockfile v1


"@babel/runtime@^7.23.8":
  version "7.23.9"
  resolved "https://registry.yarnpkg.com/@babel/runtime/-/runtime-7.23.9.tgz#47791a15e4603bb5f905bc0753801cf21d6345f7"
  integrity sha512-0CX6F+BI2s9dkUqr08KFrAIZgNFj75rdBU/DjCyYLIaV/quFjkk6T+EJ2LkZHyZTbEV4L5p97mNkUsHl2wLFAw==
  dependencies:
    regenerator-runtime "^0.14.0"

"@mui/icons-material@^5.15.6":
  version "5.15.6"
  resolved "https://registry.yarnpkg.com/@mui/icons-material/-/icons-material-5.15.6.tgz#6958232bef48972fcbafd5f69e6079a9be5951f1"
  integrity sha512-GnkxMtlhs+8ieHLmCytg00ew0vMOiXGFCw8Ra9nxMsBjBqnrOI5gmXqUm+sGggeEU/HG8HyeqC1MX/IxOBJHzA==
  dependencies:
    "@babel/runtime" "^7.23.8"

"@reduxjs/toolkit@^2.1.0":
  version "2.1.0"
  resolved "https://registry.yarnpkg.com/@reduxjs/toolkit/-/toolkit-2.1.0.tgz#b613226669557080d5d683f3dbbd95462f94b965"
  integrity sha512-nfJ/b4ZhzUevQ1ZPKjlDL6CMYxO4o7ZL7OSsvSOxzT/EN11LsBDgTqP7aedHtBrFSVoK7oTP1SbMWUwGb30NLg==
  dependencies:
    immer "^10.0.3"
    redux "^5.0.1"
    redux-thunk "^3.1.0"
    reselect "^5.0.1"

"@remix-run/router@1.14.2":
  version "1.14.2"
  resolved "https://registry.yarnpkg.com/@remix-run/router/-/router-1.14.2.tgz#4d58f59908d9197ba3179310077f25c88e49ed17"
  integrity sha512-ACXpdMM9hmKZww21yEqWwiLws/UPLhNKvimN8RrYSqPSvB3ov7sLvAcfvaxePeLvccTQKGdkDIhLYApZVDFuKg==

"@types/use-sync-external-store@^0.0.3":
  version "0.0.3"
  resolved "https://registry.yarnpkg.com/@types/use-sync-external-store/-/use-sync-external-store-0.0.3.tgz#b6725d5f4af24ace33b36fafd295136e75509f43"
  integrity sha512-EwmlvuaxPNej9+T4v5AuBPJa2x2UOJVdjCtDHgcDqitUeOtjnJKJ+apYjVcAoBEMjKW1VVFGZLUb5+qqa09XFA==

immer@^10.0.3:
  version "10.0.3"
  resolved "https://registry.yarnpkg.com/immer/-/immer-10.0.3.tgz#a8de42065e964aa3edf6afc282dfc7f7f34ae3c9"
  integrity sha512-pwupu3eWfouuaowscykeckFmVTpqbzW+rXFCX8rQLkZzM9ftBmU/++Ra+o+L27mz03zJTlyV4UUr+fdKNffo4A==

react-redux@^9.1.0:
  version "9.1.0"
  resolved "https://registry.yarnpkg.com/react-redux/-/react-redux-9.1.0.tgz#46a46d4cfed4e534ce5452bb39ba18e1d98a8197"
  integrity sha512-6qoDzIO+gbrza8h3hjMA9aq4nwVFCKFtY2iLxCtVT38Swyy2C/dJCGBXHeHLtx6qlg/8qzc2MrhOeduf5K32wQ==
  dependencies:
    "@types/use-sync-external-store" "^0.0.3"
    use-sync-external-store "^1.0.0"

react-router-dom@^6.21.3:
  version "6.21.3"
  resolved "https://registry.yarnpkg.com/react-router-dom/-/react-router-dom-6.21.3.tgz#ef3a7956a3699c7b82c21fcb3dbc63c313ed8c5d"
  integrity sha512-kNzubk7n4YHSrErzjLK72j0B5i969GsuCGazRl3G6j1zqZBLjuSlYBdVdkDOgzGdPIffUOc9nmgiadTEVoq91g==
  dependencies:
    "@remix-run/router" "1.14.2"
    react-router "6.21.3"

react-router@6.21.3:
  version "6.21.3"
  resolved "https://registry.yarnpkg.com/react-router/-/react-router-6.21.3.tgz#8086cea922c2bfebbb49c6594967418f1f167d70"
  integrity sha512-a0H638ZXULv1OdkmiK6s6itNhoy33ywxmUFT/xtSoVyf9VnC7n7+VT4LjVzdIHSaF5TIh9ylUgxMXksHTgGrKg==
  dependencies:
    "@remix-run/router" "1.14.2"

redux-thunk@^3.1.0:
  version "3.1.0"
  resolved "https://registry.yarnpkg.com/redux-thunk/-/redux-thunk-3.1.0.tgz#94aa6e04977c30e14e892eae84978c1af6058ff3"
  integrity sha512-NW2r5T6ksUKXCabzhL9z+h206HQw/NJkcLm1GPImRQ8IzfXwRGqjVhKJGauHirT0DAuyy6hjdnMZaRoAcy0Klw==

redux@^5.0.1:
  version "5.0.1"
  resolved "https://registry.yarnpkg.com/redux/-/redux-5.0.1.tgz#97fa26881ce5746500125585d5642c77b6e9447b"
  integrity sha512-M9/ELqF6fy8FwmkpnF0S3YKOqMyoWJ4+CS5Efg2ct3oY9daQvd/Pc71FpGZsVsbl3Cpb+IIcjBDUnnyBdQbq4w==

regenerator-runtime@^0.14.0:
  version "0.14.1"
  resolved "https://registry.yarnpkg.com/regenerator-runtime/-/regenerator-runtime-0.14.1.tgz#356ade10263f685dda125100cd862c1db895327f"
  integrity sha512-dYnhHh0nJoMfnkZs6GmmhFknAGRrLznOu5nc9ML+EJxGvrx6H7teuevqVqCuPcPK//3eDrrjQhehXVx9cnkGdw==

reselect@^5.0.1:
  version "5.1.0"
  resolved "https://registry.yarnpkg.com/reselect/-/reselect-5.1.0.tgz#c479139ab9dd91be4d9c764a7f3868210ef8cd21"
  integrity sha512-aw7jcGLDpSgNDyWBQLv2cedml85qd95/iszJjN988zX1t7AVRJi19d9kto5+W7oCfQ94gyo40dVbT6g2k4/kXg==

use-sync-external-store@^1.0.0:
  version "1.2.0"
  resolved "https://registry.yarnpkg.com/use-sync-external-store/-/use-sync-external-store-1.2.0.tgz#7dbefd6ef3fe4e767a0cf5d7287aacfb5846928a"
  integrity sha512-eEgnFxGQ1Ife9bzYs6VLi8/4X6CObHMw9Qr9tPY43iKwsPw8xE8+EFsf/2cFZ5S3esXgpWgtSCtLNS41F+sKPA==
